
Microsoft Visual Studio Solution File, Format Version 11.00
# Visual Studio 2010
Project("{FAE04EC0-301F-11D3-BF4B-00C04F79EFBC}") = "Assembly-CSharp", "Assembly-CSharp.csproj", "{CD550F98-F5C7-AF80-0747-C5DD17EDEBD2}"
EndProject
Project("{FAE04EC0-301F-11D3-BF4B-00C04F79EFBC}") = "Assembly-CSharp-Editor", "Assembly-CSharp-Editor.csproj", "{75F6D44A-6E3A-612C-D1EF-CDFE89E28717}"
EndProject
Global
	GlobalSection(SolutionConfigurationPlatforms) = preSolution
		Debug|Any CPU = Debug|Any CPU
		Release|Any CPU = Release|Any CPU
	EndGlobalSection
	GlobalSection(ProjectConfigurationPlatforms) = postSolution
		{CD550F98-F5C7-AF80-0747-C5DD17EDEBD2}.Debug|Any CPU.ActiveCfg = Debug|Any CPU
		{CD550F98-F5C7-AF80-0747-C5DD17EDEBD2}.Debug|Any CPU.Build.0 = Debug|Any CPU
		{CD550F98-F5C7-AF80-0747-C5DD17EDEBD2}.Release|Any CPU.ActiveCfg = Release|Any CPU
		{CD550F98-F5C7-AF80-0747-C5DD17EDEBD2}.Release|Any CPU.Build.0 = Release|Any CPU
		{75F6D44A-6E3A-612C-D1EF-CDFE89E28717}.Debug|Any CPU.ActiveCfg = Debug|Any CPU
		{75F6D44A-6E3A-612C-D1EF-CDFE89E28717}.Debug|Any CPU.Build.0 = Debug|Any CPU
		{75F6D44A-6E3A-612C-D1EF-CDFE89E28717}.Release|Any CPU.ActiveCfg = Release|Any CPU
		{75F6D44A-6E3A-612C-D1EF-CDFE89E28717}.Release|Any CPU.Build.0 = Release|Any CPU
	EndGlobalSection
	GlobalSection(SolutionProperties) = preSolution
		HideSolutionNode = FALSE
	EndGlobalSection
EndGlobal
